
Microsoft Visual Studio Solution File, Format Version 12.00
# Visual Studio Version 17
VisualStudioVersion = 17.10.34916.146
MinimumVisualStudioVersion = 10.0.40219.1
Project("{FAE04EC0-301F-11D3-BF4B-00C04F79EFBC}") = "Proprietario.Api", "Proprietario.Api\Proprietario.Api.csproj", "{1664CC28-FE47-4708-9B5E-25FC9885A294}"
EndProject
Project("{FAE04EC0-301F-11D3-BF4B-00C04F79EFBC}") = "Proprietario.Repository", "Proprietario.Repository\Proprietario.Repository.csproj", "{87AAB54D-2CB0-4A54-B8B4-9A756BC51806}"
EndProject
Project("{FAE04EC0-301F-11D3-BF4B-00C04F79EFBC}") = "Proprietario.Shared", "Proprietario.Shared\Proprietario.Shared.csproj", "{E22893D9-2E03-44EC-88F8-AA479DAB7CEB}"
EndProject
Project("{FAE04EC0-301F-11D3-BF4B-00C04F79EFBC}") = "Proprietario.ClientHttp", "Proprietario.ClientHttp\Proprietario.ClientHttp.csproj", "{09FC1402-D21F-4C88-B8F7-4727F067679B}"
EndProject
Project("{FAE04EC0-301F-11D3-BF4B-00C04F79EFBC}") = "Proprietario.Business", "Proprietario.Business\Proprietario.Business.csproj", "{A413DF2D-81C3-48D3-95A2-3BF405B4D8BE}"
EndProject
Global
	GlobalSection(SolutionConfigurationPlatforms) = preSolution
		Debug|Any CPU = Debug|Any CPU
		Release|Any CPU = Release|Any CPU
	EndGlobalSection
	GlobalSection(ProjectConfigurationPlatforms) = postSolution
		{1664CC28-FE47-4708-9B5E-25FC9885A294}.Debug|Any CPU.ActiveCfg = Debug|Any CPU
		{1664CC28-FE47-4708-9B5E-25FC9885A294}.Debug|Any CPU.Build.0 = Debug|Any CPU
		{1664CC28-FE47-4708-9B5E-25FC9885A294}.Release|Any CPU.ActiveCfg = Release|Any CPU
		{1664CC28-FE47-4708-9B5E-25FC9885A294}.Release|Any CPU.Build.0 = Release|Any CPU
		{87AAB54D-2CB0-4A54-B8B4-9A756BC51806}.Debug|Any CPU.ActiveCfg = Debug|Any CPU
		{87AAB54D-2CB0-4A54-B8B4-9A756BC51806}.Debug|Any CPU.Build.0 = Debug|Any CPU
		{87AAB54D-2CB0-4A54-B8B4-9A756BC51806}.Release|Any CPU.ActiveCfg = Release|Any CPU
		{87AAB54D-2CB0-4A54-B8B4-9A756BC51806}.Release|Any CPU.Build.0 = Release|Any CPU
		{E22893D9-2E03-44EC-88F8-AA479DAB7CEB}.Debug|Any CPU.ActiveCfg = Debug|Any CPU
		{E22893D9-2E03-44EC-88F8-AA479DAB7CEB}.Debug|Any CPU.Build.0 = Debug|Any CPU
		{E22893D9-2E03-44EC-88F8-AA479DAB7CEB}.Release|Any CPU.ActiveCfg = Release|Any CPU
		{E22893D9-2E03-44EC-88F8-AA479DAB7CEB}.Release|Any CPU.Build.0 = Release|Any CPU
		{09FC1402-D21F-4C88-B8F7-4727F067679B}.Debug|Any CPU.ActiveCfg = Debug|Any CPU
		{09FC1402-D21F-4C88-B8F7-4727F067679B}.Debug|Any CPU.Build.0 = Debug|Any CPU
		{09FC1402-D21F-4C88-B8F7-4727F067679B}.Release|Any CPU.ActiveCfg = Release|Any CPU
		{09FC1402-D21F-4C88-B8F7-4727F067679B}.Release|Any CPU.Build.0 = Release|Any CPU
		{A413DF2D-81C3-48D3-95A2-3BF405B4D8BE}.Debug|Any CPU.ActiveCfg = Debug|Any CPU
		{A413DF2D-81C3-48D3-95A2-3BF405B4D8BE}.Debug|Any CPU.Build.0 = Debug|Any CPU
		{A413DF2D-81C3-48D3-95A2-3BF405B4D8BE}.Release|Any CPU.ActiveCfg = Release|Any CPU
		{A413DF2D-81C3-48D3-95A2-3BF405B4D8BE}.Release|Any CPU.Build.0 = Release|Any CPU
	EndGlobalSection
	GlobalSection(SolutionProperties) = preSolution
		HideSolutionNode = FALSE
	EndGlobalSection
	GlobalSection(ExtensibilityGlobals) = postSolution
		SolutionGuid = {285B52FF-F8FF-4B58-A531-C74B31F14A5F}
	EndGlobalSection
EndGlobal
